
Microsoft Visual Studio Solution File, Format Version 12.00
# Visual Studio Version 16
VisualStudioVersion = 16.0.30717.126
MinimumVisualStudioVersion = 10.0.40219.1
Project("{9A19103F-16F7-4668-BE54-9A1E7A4F7556}") = "BlackJackGame", "BlackJackGame.csproj", "{F2654ADE-B776-4E1C-8C46-A54741329F27}"
EndProject
Project("{FAE04EC0-301F-11D3-BF4B-00C04F79EFBC}") = "BlackJackGameTests", "..\BlackJackGameTests\BlackJackGameTests.csproj", "{6A212748-4E4E-4369-854F-37673E558098}"
EndProject
Global
	GlobalSection(SolutionConfigurationPlatforms) = preSolution
		Debug|Any CPU = Debug|Any CPU
		Release|Any CPU = Release|Any CPU
	EndGlobalSection
	GlobalSection(ProjectConfigurationPlatforms) = postSolution
		{F2654ADE-B776-4E1C-8C46-A54741329F27}.Debug|Any CPU.ActiveCfg = Debug|Any CPU
		{F2654ADE-B776-4E1C-8C46-A54741329F27}.Debug|Any CPU.Build.0 = Debug|Any CPU
		{F2654ADE-B776-4E1C-8C46-A54741329F27}.Release|Any CPU.ActiveCfg = Release|Any CPU
		{F2654ADE-B776-4E1C-8C46-A54741329F27}.Release|Any CPU.Build.0 = Release|Any CPU
		{6A212748-4E4E-4369-854F-37673E558098}.Debug|Any CPU.ActiveCfg = Debug|Any CPU
		{6A212748-4E4E-4369-854F-37673E558098}.Debug|Any CPU.Build.0 = Debug|Any CPU
		{6A212748-4E4E-4369-854F-37673E558098}.Release|Any CPU.ActiveCfg = Release|Any CPU
		{6A212748-4E4E-4369-854F-37673E558098}.Release|Any CPU.Build.0 = Release|Any CPU
	EndGlobalSection
	GlobalSection(SolutionProperties) = preSolution
		HideSolutionNode = FALSE
	EndGlobalSection
	GlobalSection(ExtensibilityGlobals) = postSolution
		SolutionGuid = {FAFEEE05-C42E-4EA8-8068-5CF90F46D3D8}
	EndGlobalSection
EndGlobal
